
Microsoft Visual Studio Solution File, Format Version 12.00
# Visual Studio 15
VisualStudioVersion = 15.0.26124.0
MinimumVisualStudioVersion = 15.0.26124.0
Project("{FAE04EC0-301F-11D3-BF4B-00C04F79EFBC}") = "test-api", "test-api\test-api.csproj", "{55EBB080-7B1F-46DE-A6BC-4236CD86102E}"
EndProject
Project("{FAE04EC0-301F-11D3-BF4B-00C04F79EFBC}") = "test-app", "test-app\test-app.csproj", "{CAF76F15-FA09-4206-93FC-1798653A13D4}"
EndProject
Project("{FAE04EC0-301F-11D3-BF4B-00C04F79EFBC}") = "selenium-tests", "selenium-tests\selenium-tests.csproj", "{6CA669BD-2122-456D-8CDE-6A83CA8F0EAD}"
EndProject
Global
	GlobalSection(SolutionConfigurationPlatforms) = preSolution
		Debug|Any CPU = Debug|Any CPU
		Debug|x64 = Debug|x64
		Debug|x86 = Debug|x86
		Release|Any CPU = Release|Any CPU
		Release|x64 = Release|x64
		Release|x86 = Release|x86
	EndGlobalSection
	GlobalSection(SolutionProperties) = preSolution
		HideSolutionNode = FALSE
	EndGlobalSection
	GlobalSection(ProjectConfigurationPlatforms) = postSolution
		{55EBB080-7B1F-46DE-A6BC-4236CD86102E}.Debug|Any CPU.ActiveCfg = Debug|Any CPU
		{55EBB080-7B1F-46DE-A6BC-4236CD86102E}.Debug|Any CPU.Build.0 = Debug|Any CPU
		{55EBB080-7B1F-46DE-A6BC-4236CD86102E}.Debug|x64.ActiveCfg = Debug|Any CPU
		{55EBB080-7B1F-46DE-A6BC-4236CD86102E}.Debug|x64.Build.0 = Debug|Any CPU
		{55EBB080-7B1F-46DE-A6BC-4236CD86102E}.Debug|x86.ActiveCfg = Debug|Any CPU
		{55EBB080-7B1F-46DE-A6BC-4236CD86102E}.Debug|x86.Build.0 = Debug|Any CPU
		{55EBB080-7B1F-46DE-A6BC-4236CD86102E}.Release|Any CPU.ActiveCfg = Release|Any CPU
		{55EBB080-7B1F-46DE-A6BC-4236CD86102E}.Release|Any CPU.Build.0 = Release|Any CPU
		{55EBB080-7B1F-46DE-A6BC-4236CD86102E}.Release|x64.ActiveCfg = Release|Any CPU
		{55EBB080-7B1F-46DE-A6BC-4236CD86102E}.Release|x64.Build.0 = Release|Any CPU
		{55EBB080-7B1F-46DE-A6BC-4236CD86102E}.Release|x86.ActiveCfg = Release|Any CPU
		{55EBB080-7B1F-46DE-A6BC-4236CD86102E}.Release|x86.Build.0 = Release|Any CPU
		{CAF76F15-FA09-4206-93FC-1798653A13D4}.Debug|Any CPU.ActiveCfg = Debug|Any CPU
		{CAF76F15-FA09-4206-93FC-1798653A13D4}.Debug|Any CPU.Build.0 = Debug|Any CPU
		{CAF76F15-FA09-4206-93FC-1798653A13D4}.Debug|x64.ActiveCfg = Debug|Any CPU
		{CAF76F15-FA09-4206-93FC-1798653A13D4}.Debug|x64.Build.0 = Debug|Any CPU
		{CAF76F15-FA09-4206-93FC-1798653A13D4}.Debug|x86.ActiveCfg = Debug|Any CPU
		{CAF76F15-FA09-4206-93FC-1798653A13D4}.Debug|x86.Build.0 = Debug|Any CPU
		{CAF76F15-FA09-4206-93FC-1798653A13D4}.Release|Any CPU.ActiveCfg = Release|Any CPU
		{CAF76F15-FA09-4206-93FC-1798653A13D4}.Release|Any CPU.Build.0 = Release|Any CPU
		{CAF76F15-FA09-4206-93FC-1798653A13D4}.Release|x64.ActiveCfg = Release|Any CPU
		{CAF76F15-FA09-4206-93FC-1798653A13D4}.Release|x64.Build.0 = Release|Any CPU
		{CAF76F15-FA09-4206-93FC-1798653A13D4}.Release|x86.ActiveCfg = Release|Any CPU
		{CAF76F15-FA09-4206-93FC-1798653A13D4}.Release|x86.Build.0 = Release|Any CPU
		{AED49A20-966C-4166-9F86-99862CFBD218}.Debug|Any CPU.ActiveCfg = Debug|Any CPU
		{AED49A20-966C-4166-9F86-99862CFBD218}.Debug|Any CPU.Build.0 = Debug|Any CPU
		{AED49A20-966C-4166-9F86-99862CFBD218}.Debug|x64.ActiveCfg = Debug|Any CPU
		{AED49A20-966C-4166-9F86-99862CFBD218}.Debug|x64.Build.0 = Debug|Any CPU
		{AED49A20-966C-4166-9F86-99862CFBD218}.Debug|x86.ActiveCfg = Debug|Any CPU
		{AED49A20-966C-4166-9F86-99862CFBD218}.Debug|x86.Build.0 = Debug|Any CPU
		{AED49A20-966C-4166-9F86-99862CFBD218}.Release|Any CPU.ActiveCfg = Release|Any CPU
		{AED49A20-966C-4166-9F86-99862CFBD218}.Release|Any CPU.Build.0 = Release|Any CPU
		{AED49A20-966C-4166-9F86-99862CFBD218}.Release|x64.ActiveCfg = Release|Any CPU
		{AED49A20-966C-4166-9F86-99862CFBD218}.Release|x64.Build.0 = Release|Any CPU
		{AED49A20-966C-4166-9F86-99862CFBD218}.Release|x86.ActiveCfg = Release|Any CPU
		{AED49A20-966C-4166-9F86-99862CFBD218}.Release|x86.Build.0 = Release|Any CPU
		{6CA669BD-2122-456D-8CDE-6A83CA8F0EAD}.Debug|Any CPU.ActiveCfg = Debug|Any CPU
		{6CA669BD-2122-456D-8CDE-6A83CA8F0EAD}.Debug|Any CPU.Build.0 = Debug|Any CPU
		{6CA669BD-2122-456D-8CDE-6A83CA8F0EAD}.Debug|x64.ActiveCfg = Debug|Any CPU
		{6CA669BD-2122-456D-8CDE-6A83CA8F0EAD}.Debug|x64.Build.0 = Debug|Any CPU
		{6CA669BD-2122-456D-8CDE-6A83CA8F0EAD}.Debug|x86.ActiveCfg = Debug|Any CPU
		{6CA669BD-2122-456D-8CDE-6A83CA8F0EAD}.Debug|x86.Build.0 = Debug|Any CPU
		{6CA669BD-2122-456D-8CDE-6A83CA8F0EAD}.Release|Any CPU.ActiveCfg = Release|Any CPU
		{6CA669BD-2122-456D-8CDE-6A83CA8F0EAD}.Release|Any CPU.Build.0 = Release|Any CPU
		{6CA669BD-2122-456D-8CDE-6A83CA8F0EAD}.Release|x64.ActiveCfg = Release|Any CPU
		{6CA669BD-2122-456D-8CDE-6A83CA8F0EAD}.Release|x64.Build.0 = Release|Any CPU
		{6CA669BD-2122-456D-8CDE-6A83CA8F0EAD}.Release|x86.ActiveCfg = Release|Any CPU
		{6CA669BD-2122-456D-8CDE-6A83CA8F0EAD}.Release|x86.Build.0 = Release|Any CPU
	EndGlobalSection
EndGlobal
